
Microsoft Visual Studio Solution File, Format Version 12.00
# Visual Studio 15
VisualStudioVersion = 15.0.28010.2048
MinimumVisualStudioVersion = 10.0.40219.1
Project("{FAE04EC0-301F-11D3-BF4B-00C04F79EFBC}") = "Tp.Migration.Data", "Tp.Migration.Data\Tp.Migration.Data.csproj", "{D81B2735-429B-48CA-BCAF-A30E54770374}"
EndProject
Project("{2150E333-8FDC-42A3-9474-1A3956D46DE8}") = "BC_Migration", "BC_Migration", "{631A0BFA-064E-448D-A4ED-3BD5222FDCF3}"
EndProject
Project("{2150E333-8FDC-42A3-9474-1A3956D46DE8}") = "01-Constants", "01-Constants", "{456ABCF7-B195-4F27-9BE7-EE2E942BFE3A}"
EndProject
Project("{FAE04EC0-301F-11D3-BF4B-00C04F79EFBC}") = "Tp.Common", "Tp.Common\Tp.Common.csproj", "{3061A9D9-0F2C-43DE-9BE5-1C335C56E063}"
EndProject
Project("{2150E333-8FDC-42A3-9474-1A3956D46DE8}") = "02-Models", "02-Models", "{C7983772-B90E-4AE4-A596-D009B0402AFA}"
EndProject
Project("{FAE04EC0-301F-11D3-BF4B-00C04F79EFBC}") = "Tp.Models", "Tp.Models\Tp.Models.csproj", "{BE828BB5-1E8D-465A-AB92-FE366A2323EF}"
EndProject
Project("{2150E333-8FDC-42A3-9474-1A3956D46DE8}") = "Seed", "Seed", "{4D719FA9-84A5-46A4-8759-1EEB2E971FEE}"
EndProject
Project("{FAE04EC0-301F-11D3-BF4B-00C04F79EFBC}") = "Tp.Seeder", "Tp.Seeder\Tp.Seeder.csproj", "{CE336B2A-06D6-40E8-A1E5-5A6432DDFD6E}"
EndProject
Project("{9A19103F-16F7-4668-BE54-9A1E7A4F7556}") = "Tp.Data", "Tp.Data\Tp.Data.csproj", "{AB4D3D8F-0475-49DC-A06E-C695B1EEDDED}"
EndProject
Project("{9A19103F-16F7-4668-BE54-9A1E7A4F7556}") = "Tp.Utilities", "Tp.Utilities\Tp.Utilities.csproj", "{7D37E4B5-FBDB-4271-9E38-8573871803AA}"
EndProject
Project("{9A19103F-16F7-4668-BE54-9A1E7A4F7556}") = "Tp.Website", "Tp.Website\Tp.Website.csproj", "{23A31FCC-A9E9-46BE-9FDD-ABD47D3312A2}"
EndProject
Project("{2150E333-8FDC-42A3-9474-1A3956D46DE8}") = "99-ToRemove", "99-ToRemove", "{02E6673C-79AB-4EBD-8F81-FA34BE6476CB}"
EndProject
Project("{2150E333-8FDC-42A3-9474-1A3956D46DE8}") = "03-Data", "03-Data", "{646FA7D6-47CD-4693-8650-1ECB0BD48199}"
EndProject
Project("{2150E333-8FDC-42A3-9474-1A3956D46DE8}") = "04-Service", "04-Service", "{04E4469B-8426-4DC4-BB14-834128FFEF08}"
EndProject
Project("{9A19103F-16F7-4668-BE54-9A1E7A4F7556}") = "Tp.Service", "Tp.Service\Tp.Service.csproj", "{FE78515A-8E37-4A63-A062-605664DC826B}"
EndProject
Project("{FAE04EC0-301F-11D3-BF4B-00C04F79EFBC}") = "Tp.Domain", "Tp.Domain\Tp.Domain.csproj", "{CEB22FFB-ED50-4B12-B1BA-A22088E0AEF0}"
EndProject
Global
	GlobalSection(SolutionConfigurationPlatforms) = preSolution
		Debug|Any CPU = Debug|Any CPU
		Release|Any CPU = Release|Any CPU
	EndGlobalSection
	GlobalSection(ProjectConfigurationPlatforms) = postSolution
		{D81B2735-429B-48CA-BCAF-A30E54770374}.Debug|Any CPU.ActiveCfg = Debug|Any CPU
		{D81B2735-429B-48CA-BCAF-A30E54770374}.Debug|Any CPU.Build.0 = Debug|Any CPU
		{D81B2735-429B-48CA-BCAF-A30E54770374}.Release|Any CPU.ActiveCfg = Release|Any CPU
		{D81B2735-429B-48CA-BCAF-A30E54770374}.Release|Any CPU.Build.0 = Release|Any CPU
		{3061A9D9-0F2C-43DE-9BE5-1C335C56E063}.Debug|Any CPU.ActiveCfg = Debug|Any CPU
		{3061A9D9-0F2C-43DE-9BE5-1C335C56E063}.Debug|Any CPU.Build.0 = Debug|Any CPU
		{3061A9D9-0F2C-43DE-9BE5-1C335C56E063}.Release|Any CPU.ActiveCfg = Release|Any CPU
		{3061A9D9-0F2C-43DE-9BE5-1C335C56E063}.Release|Any CPU.Build.0 = Release|Any CPU
		{BE828BB5-1E8D-465A-AB92-FE366A2323EF}.Debug|Any CPU.ActiveCfg = Debug|Any CPU
		{BE828BB5-1E8D-465A-AB92-FE366A2323EF}.Debug|Any CPU.Build.0 = Debug|Any CPU
		{BE828BB5-1E8D-465A-AB92-FE366A2323EF}.Release|Any CPU.ActiveCfg = Release|Any CPU
		{BE828BB5-1E8D-465A-AB92-FE366A2323EF}.Release|Any CPU.Build.0 = Release|Any CPU
		{CE336B2A-06D6-40E8-A1E5-5A6432DDFD6E}.Debug|Any CPU.ActiveCfg = Debug|Any CPU
		{CE336B2A-06D6-40E8-A1E5-5A6432DDFD6E}.Debug|Any CPU.Build.0 = Debug|Any CPU
		{CE336B2A-06D6-40E8-A1E5-5A6432DDFD6E}.Release|Any CPU.ActiveCfg = Release|Any CPU
		{CE336B2A-06D6-40E8-A1E5-5A6432DDFD6E}.Release|Any CPU.Build.0 = Release|Any CPU
		{AB4D3D8F-0475-49DC-A06E-C695B1EEDDED}.Debug|Any CPU.ActiveCfg = Debug|Any CPU
		{AB4D3D8F-0475-49DC-A06E-C695B1EEDDED}.Debug|Any CPU.Build.0 = Debug|Any CPU
		{AB4D3D8F-0475-49DC-A06E-C695B1EEDDED}.Release|Any CPU.ActiveCfg = Release|Any CPU
		{AB4D3D8F-0475-49DC-A06E-C695B1EEDDED}.Release|Any CPU.Build.0 = Release|Any CPU
		{7D37E4B5-FBDB-4271-9E38-8573871803AA}.Debug|Any CPU.ActiveCfg = Debug|Any CPU
		{7D37E4B5-FBDB-4271-9E38-8573871803AA}.Debug|Any CPU.Build.0 = Debug|Any CPU
		{7D37E4B5-FBDB-4271-9E38-8573871803AA}.Release|Any CPU.ActiveCfg = Release|Any CPU
		{7D37E4B5-FBDB-4271-9E38-8573871803AA}.Release|Any CPU.Build.0 = Release|Any CPU
		{23A31FCC-A9E9-46BE-9FDD-ABD47D3312A2}.Debug|Any CPU.ActiveCfg = Debug|Any CPU
		{23A31FCC-A9E9-46BE-9FDD-ABD47D3312A2}.Debug|Any CPU.Build.0 = Debug|Any CPU
		{23A31FCC-A9E9-46BE-9FDD-ABD47D3312A2}.Release|Any CPU.ActiveCfg = Release|Any CPU
		{23A31FCC-A9E9-46BE-9FDD-ABD47D3312A2}.Release|Any CPU.Build.0 = Release|Any CPU
		{FE78515A-8E37-4A63-A062-605664DC826B}.Debug|Any CPU.ActiveCfg = Debug|Any CPU
		{FE78515A-8E37-4A63-A062-605664DC826B}.Debug|Any CPU.Build.0 = Debug|Any CPU
		{FE78515A-8E37-4A63-A062-605664DC826B}.Release|Any CPU.ActiveCfg = Release|Any CPU
		{FE78515A-8E37-4A63-A062-605664DC826B}.Release|Any CPU.Build.0 = Release|Any CPU
		{CEB22FFB-ED50-4B12-B1BA-A22088E0AEF0}.Debug|Any CPU.ActiveCfg = Debug|Any CPU
		{CEB22FFB-ED50-4B12-B1BA-A22088E0AEF0}.Debug|Any CPU.Build.0 = Debug|Any CPU
		{CEB22FFB-ED50-4B12-B1BA-A22088E0AEF0}.Release|Any CPU.ActiveCfg = Release|Any CPU
		{CEB22FFB-ED50-4B12-B1BA-A22088E0AEF0}.Release|Any CPU.Build.0 = Release|Any CPU
	EndGlobalSection
	GlobalSection(SolutionProperties) = preSolution
		HideSolutionNode = FALSE
	EndGlobalSection
	GlobalSection(NestedProjects) = preSolution
		{D81B2735-429B-48CA-BCAF-A30E54770374} = {631A0BFA-064E-448D-A4ED-3BD5222FDCF3}
		{3061A9D9-0F2C-43DE-9BE5-1C335C56E063} = {456ABCF7-B195-4F27-9BE7-EE2E942BFE3A}
		{BE828BB5-1E8D-465A-AB92-FE366A2323EF} = {C7983772-B90E-4AE4-A596-D009B0402AFA}
		{CE336B2A-06D6-40E8-A1E5-5A6432DDFD6E} = {4D719FA9-84A5-46A4-8759-1EEB2E971FEE}
		{AB4D3D8F-0475-49DC-A06E-C695B1EEDDED} = {646FA7D6-47CD-4693-8650-1ECB0BD48199}
		{7D37E4B5-FBDB-4271-9E38-8573871803AA} = {456ABCF7-B195-4F27-9BE7-EE2E942BFE3A}
		{FE78515A-8E37-4A63-A062-605664DC826B} = {04E4469B-8426-4DC4-BB14-834128FFEF08}
		{CEB22FFB-ED50-4B12-B1BA-A22088E0AEF0} = {456ABCF7-B195-4F27-9BE7-EE2E942BFE3A}
	EndGlobalSection
	GlobalSection(ExtensibilityGlobals) = postSolution
		SolutionGuid = {AE420DB2-A61B-4B42-95E5-7EBAB43AE33A}
	EndGlobalSection
EndGlobal
